
Microsoft Visual Studio Solution File, Format Version 12.00
# Visual Studio Version 17
VisualStudioVersion = 17.8.34330.188
MinimumVisualStudioVersion = 10.0.40219.1
Project("{FAE04EC0-301F-11D3-BF4B-00C04F79EFBC}") = "WpfLab2Task2", "WpfLab2Task2\WpfLab2Task2.csproj", "{A46B1BDF-2A2F-46EB-8272-009B7B49B5CC}"
EndProject
Global
	GlobalSection(SolutionConfigurationPlatforms) = preSolution
		Debug|Any CPU = Debug|Any CPU
		Release|Any CPU = Release|Any CPU
	EndGlobalSection
	GlobalSection(ProjectConfigurationPlatforms) = postSolution
		{A46B1BDF-2A2F-46EB-8272-009B7B49B5CC}.Debug|Any CPU.ActiveCfg = Debug|Any CPU
		{A46B1BDF-2A2F-46EB-8272-009B7B49B5CC}.Debug|Any CPU.Build.0 = Debug|Any CPU
		{A46B1BDF-2A2F-46EB-8272-009B7B49B5CC}.Release|Any CPU.ActiveCfg = Release|Any CPU
		{A46B1BDF-2A2F-46EB-8272-009B7B49B5CC}.Release|Any CPU.Build.0 = Release|Any CPU
	EndGlobalSection
	GlobalSection(SolutionProperties) = preSolution
		HideSolutionNode = FALSE
	EndGlobalSection
	GlobalSection(ExtensibilityGlobals) = postSolution
		SolutionGuid = {9BB0E3C6-3FBB-4C4D-B49A-501324E7DF17}
	EndGlobalSection
EndGlobal
